# This file is automatically @generated by Poetry 1.8.3 and should not be changed by hand.

[[package]]
name = "black"
version = "24.4.2"
description = "The uncompromising code formatter."
optional = false
python-versions = ">=3.8"
files = [
    {file = "black-24.4.2-cp310-cp310-macosx_10_9_x86_64.whl", hash = "sha256:dd1b5a14e417189db4c7b64a6540f31730713d173f0b63e55fabd52d61d8fdce"},
    {file = "black-24.4.2-cp310-cp310-macosx_11_0_arm64.whl", hash = "sha256:8e537d281831ad0e71007dcdcbe50a71470b978c453fa41ce77186bbe0ed6021"},
    {file = "black-24.4.2-cp310-cp310-manylinux_2_17_x86_64.manylinux2014_x86_64.whl", hash = "sha256:eaea3008c281f1038edb473c1aa8ed8143a5535ff18f978a318f10302b254063"},
    {file = "black-24.4.2-cp310-cp310-win_amd64.whl", hash = "sha256:7768a0dbf16a39aa5e9a3ded568bb545c8c2727396d063bbaf847df05b08cd96"},
    {file = "black-24.4.2-cp311-cp311-macosx_10_9_x86_64.whl", hash = "sha256:257d724c2c9b1660f353b36c802ccece186a30accc7742c176d29c146df6e474"},
    {file = "black-24.4.2-cp311-cp311-macosx_11_0_arm64.whl", hash = "sha256:bdde6f877a18f24844e381d45e9947a49e97933573ac9d4345399be37621e26c"},
    {file = "black-24.4.2-cp311-cp311-manylinux_2_17_x86_64.manylinux2014_x86_64.whl", hash = "sha256:e151054aa00bad1f4e1f04919542885f89f5f7d086b8a59e5000e6c616896ffb"},
    {file = "black-24.4.2-cp311-cp311-win_amd64.whl", hash = "sha256:7e122b1c4fb252fd85df3ca93578732b4749d9be076593076ef4d07a0233c3e1"},
    {file = "black-24.4.2-cp312-cp312-macosx_10_9_x86_64.whl", hash = "sha256:accf49e151c8ed2c0cdc528691838afd217c50412534e876a19270fea1e28e2d"},
    {file = "black-24.4.2-cp312-cp312-macosx_11_0_arm64.whl", hash = "sha256:88c57dc656038f1ab9f92b3eb5335ee9b021412feaa46330d5eba4e51fe49b04"},
    {file = "black-24.4.2-cp312-cp312-manylinux_2_17_x86_64.manylinux2014_x86_64.whl", hash = "sha256:be8bef99eb46d5021bf053114442914baeb3649a89dc5f3a555c88737e5e98fc"},
    {file = "black-24.4.2-cp312-cp312-win_amd64.whl", hash = "sha256:415e686e87dbbe6f4cd5ef0fbf764af7b89f9057b97c908742b6008cc554b9c0"},
    {file = "black-24.4.2-cp38-cp38-macosx_10_9_x86_64.whl", hash = "sha256:bf10f7310db693bb62692609b397e8d67257c55f949abde4c67f9cc574492cc7"},
    {file = "black-24.4.2-cp38-cp38-macosx_11_0_arm64.whl", hash = "sha256:98e123f1d5cfd42f886624d84464f7756f60ff6eab89ae845210631714f6db94"},
    {file = "black-24.4.2-cp38-cp38-manylinux_2_17_x86_64.manylinux2014_x86_64.whl", hash = "sha256:48a85f2cb5e6799a9ef05347b476cce6c182d6c71ee36925a6c194d074336ef8"},
    {file = "black-24.4.2-cp38-cp38-win_amd64.whl", hash = "sha256:b1530ae42e9d6d5b670a34db49a94115a64596bc77710b1d05e9801e62ca0a7c"},
    {file = "black-24.4.2-cp39-cp39-macosx_10_9_x86_64.whl", hash = "sha256:37aae07b029fa0174d39daf02748b379399b909652a806e5708199bd93899da1"},
    {file = "black-24.4.2-cp39-cp39-macosx_11_0_arm64.whl", hash = "sha256:da33a1a5e49c4122ccdfd56cd021ff1ebc4a1ec4e2d01594fef9b6f267a9e741"},
    {file = "black-24.4.2-cp39-cp39-manylinux_2_17_x86_64.manylinux2014_x86_64.whl", hash = "sha256:ef703f83fc32e131e9bcc0a5094cfe85599e7109f896fe8bc96cc402f3eb4b6e"},
    {file = "black-24.4.2-cp39-cp39-win_amd64.whl", hash = "sha256:b9176b9832e84308818a99a561e90aa479e73c523b3f77afd07913380ae2eab7"},
    {file = "black-24.4.2-py3-none-any.whl", hash = "sha256:d36ed1124bb81b32f8614555b34cc4259c3fbc7eec17870e8ff8ded335b58d8c"},
    {file = "black-24.4.2.tar.gz", hash = "sha256:c872b53057f000085da66a19c55d68f6f8ddcac2642392ad3a355878406fbd4d"},
]

[package.dependencies]
click = ">=8.0.0"
mypy-extensions = ">=0.4.3"
packaging = ">=22.0"
pathspec = ">=0.9.0"
platformdirs = ">=2"

[package.extras]
colorama = ["colorama (>=0.4.3)"]
d = ["aiohttp (>=3.7.4)", "aiohttp (>=3.7.4,!=3.9.0)"]
jupyter = ["ipython (>=7.8.0)", "tokenize-rt (>=3.2.0)"]
uvloop = ["uvloop (>=0.15.2)"]

[[package]]
name = "click"
version = "8.1.7"
description = "Composable command line interface toolkit"
optional = false
python-versions = ">=3.7"
files = [
    {file = "click-8.1.7-py3-none-any.whl", hash = "sha256:ae74fb96c20a0277a1d615f1e4d73c8414f5a98db8b799a7931d1582f3390c28"},
    {file = "click-8.1.7.tar.gz", hash = "sha256:ca9853ad459e787e2192211578cc907e7594e294c7ccc834310722b41b9ca6de"},
]

[package.dependencies]
colorama = {version = "*", markers = "platform_system == \"Windows\""}

[[package]]
name = "colorama"
version = "0.4.6"
description = "Cross-platform colored terminal text."
optional = false
python-versions = "!=3.0.*,!=3.1.*,!=3.2.*,!=3.3.*,!=3.4.*,!=3.5.*,!=3.6.*,>=2.7"
files = [
    {file = "colorama-0.4.6-py2.py3-none-any.whl", hash = "sha256:4f1d9991f5acc0ca119f9d443620b77f9d6b33703e51011c16baf57afb285fc6"},
    {file = "colorama-0.4.6.tar.gz", hash = "sha256:08695f5cb7ed6e0531a20572697297273c47b8cae5a63ffc6d6ed5c201be6e44"},
]

[[package]]
name = "flake8"
version = "7.0.0"
description = "the modular source code checker: pep8 pyflakes and co"
optional = false
python-versions = ">=3.8.1"
files = [
    {file = "flake8-7.0.0-py2.py3-none-any.whl", hash = "sha256:a6dfbb75e03252917f2473ea9653f7cd799c3064e54d4c8140044c5c065f53c3"},
    {file = "flake8-7.0.0.tar.gz", hash = "sha256:33f96621059e65eec474169085dc92bf26e7b2d47366b70be2f67ab80dc25132"},
]

[package.dependencies]
mccabe = ">=0.7.0,<0.8.0"
pycodestyle = ">=2.11.0,<2.12.0"
pyflakes = ">=3.2.0,<3.3.0"

[[package]]
name = "gurobipy"
version = "11.0.2"
description = "Python interface to Gurobi"
optional = false
python-versions = "*"
files = [
    {file = "gurobipy-11.0.2-cp310-cp310-macosx_10_9_universal2.whl", hash = "sha256:8cb711a7939a21eccbbc67ad8a8753c7e2088c8c0977d2a55c28e8270d3d809d"},
    {file = "gurobipy-11.0.2-cp310-cp310-manylinux2014_aarch64.manylinux_2_17_aarch64.whl", hash = "sha256:0719a99e04e9c0dd1cacc207a944c08283b9944fdc34781c1c4cb47736ae887d"},
    {file = "gurobipy-11.0.2-cp310-cp310-manylinux2014_x86_64.manylinux_2_17_x86_64.whl", hash = "sha256:164e72462c2f1a705fcec73acc060aa639e745827bfe877714ff7b2ccabc5237"},
    {file = "gurobipy-11.0.2-cp310-cp310-win_amd64.whl", hash = "sha256:e8f55baf0d729216214501d1804fdf00666d08b1556c100739c6a4a0664fda32"},
    {file = "gurobipy-11.0.2-cp311-cp311-macosx_10_9_universal2.whl", hash = "sha256:8ce0da6aca97ba9208e490c4d502d42be25dd3b5897c0b710773481c27ae0dae"},
    {file = "gurobipy-11.0.2-cp311-cp311-manylinux2014_aarch64.manylinux_2_17_aarch64.whl", hash = "sha256:871e818026c8f288d7440fcd4b842becdf1006f43495fc4f6e3ec6d9b8ba3d7a"},
    {file = "gurobipy-11.0.2-cp311-cp311-manylinux2014_x86_64.manylinux_2_17_x86_64.whl", hash = "sha256:86265b7a9a8f3e531c1bbee6e61c1e7d0b68264e976795b4cf7aec68b9e66eb8"},
    {file = "gurobipy-11.0.2-cp311-cp311-win_amd64.whl", hash = "sha256:7ba7f42ba747232734e17b92d3ae5a9e9a3743c5a98266650a62d2d57a28ec05"},
    {file = "gurobipy-11.0.2-cp312-cp312-macosx_10_9_universal2.whl", hash = "sha256:1f9278e27d8252a3a8f23ce7d86ea064f7a15ac6cf9d9b475e2e08ca0c764513"},
    {file = "gurobipy-11.0.2-cp312-cp312-manylinux2014_aarch64.manylinux_2_17_aarch64.whl", hash = "sha256:c45511ef28b3a92b32b727d2b518a02a567babcb98f9581147f8f6f4328f5a9d"},
    {file = "gurobipy-11.0.2-cp312-cp312-manylinux2014_x86_64.manylinux_2_17_x86_64.whl", hash = "sha256:8223474cd7cb5f584889638f4252ce9ea8eb6cf5a4290ac0e0a5ee83aba36312"},
    {file = "gurobipy-11.0.2-cp312-cp312-win_amd64.whl", hash = "sha256:dadb47c6e666cebbaf42860918e0160b6311b6f50ed41d456f0393b39c1fe6be"},
    {file = "gurobipy-11.0.2-cp38-cp38-macosx_10_9_x86_64.whl", hash = "sha256:69a1307e23cbd2a43ba132980224f3c055d000bf85cf371e1c2603fa5847e64f"},
    {file = "gurobipy-11.0.2-cp38-cp38-manylinux2014_aarch64.manylinux_2_17_aarch64.whl", hash = "sha256:db65add62cdb564fe42a2f6f8d6a0538c72796c9513b319f4052a112ba135fd7"},
    {file = "gurobipy-11.0.2-cp38-cp38-manylinux2014_x86_64.manylinux_2_17_x86_64.whl", hash = "sha256:1ee7a02cd9ffba6e19e63d5057aa51aec2595a33a842f45c5d1e75eb81408891"},
    {file = "gurobipy-11.0.2-cp38-cp38-win_amd64.whl", hash = "sha256:8847c9ce93cbe835dbfdba0f87d3f3f1ab24326b3c456c8f12fd0fac706ca752"},
    {file = "gurobipy-11.0.2-cp39-cp39-macosx_10_9_universal2.whl", hash = "sha256:3f3b17df755f59dc2429637d7ae80914738776f0a3b86e6fe962239e340a3750"},
    {file = "gurobipy-11.0.2-cp39-cp39-manylinux2014_aarch64.manylinux_2_17_aarch64.whl", hash = "sha256:81b32041d94ac5890ccad67d319cfd555ada91201b85b417c105ca14a66c32ca"},
    {file = "gurobipy-11.0.2-cp39-cp39-manylinux2014_x86_64.manylinux_2_17_x86_64.whl", hash = "sha256:45c3f49c6abcbc0dc849dc4cbccdef0b1076dabf4c6171cb8ab72186c64ae8c3"},
    {file = "gurobipy-11.0.2-cp39-cp39-win_amd64.whl", hash = "sha256:0de0bd4b94579f002e60f59f13fd7fe799914ded483448e4198472be4bbba971"},
]

[package.extras]
matrixapi = ["numpy", "scipy"]

[[package]]
name = "iniconfig"
version = "2.0.0"
description = "brain-dead simple config-ini parsing"
optional = false
python-versions = ">=3.7"
files = [
    {file = "iniconfig-2.0.0-py3-none-any.whl", hash = "sha256:b6a85871a79d2e3b22d2d1b94ac2824226a63c6b741c88f7ae975f18b6778374"},
    {file = "iniconfig-2.0.0.tar.gz", hash = "sha256:2d91e135bf72d31a410b17c16da610a82cb55f6b0477d1a902134b24a455b8b3"},
]

[[package]]
name = "mccabe"
version = "0.7.0"
description = "McCabe checker, plugin for flake8"
optional = false
python-versions = ">=3.6"
files = [
    {file = "mccabe-0.7.0-py2.py3-none-any.whl", hash = "sha256:6c2d30ab6be0e4a46919781807b4f0d834ebdd6c6e3dca0bda5a15f863427b6e"},
    {file = "mccabe-0.7.0.tar.gz", hash = "sha256:348e0240c33b60bbdf4e523192ef919f28cb2c3d7d5c7794f74009290f236325"},
]

[[package]]
name = "mypy-extensions"
version = "1.0.0"
description = "Type system extensions for programs checked with the mypy type checker."
optional = false
python-versions = ">=3.5"
files = [
    {file = "mypy_extensions-1.0.0-py3-none-any.whl", hash = "sha256:4392f6c0eb8a5668a69e23d168ffa70f0be9ccfd32b5cc2d26a34ae5b844552d"},
    {file = "mypy_extensions-1.0.0.tar.gz", hash = "sha256:75dbf8955dc00442a438fc4d0666508a9a97b6bd41aa2f0ffe9d2f2725af0782"},
]

[[package]]
name = "networkx"
version = "3.3"
description = "Python package for creating and manipulating graphs and networks"
optional = false
python-versions = ">=3.10"
files = [
    {file = "networkx-3.3-py3-none-any.whl", hash = "sha256:28575580c6ebdaf4505b22c6256a2b9de86b316dc63ba9e93abde3d78dfdbcf2"},
    {file = "networkx-3.3.tar.gz", hash = "sha256:0c127d8b2f4865f59ae9cb8aafcd60b5c70f3241ebd66f7defad7c4ab90126c9"},
]

[package.extras]
default = ["matplotlib (>=3.6)", "numpy (>=1.23)", "pandas (>=1.4)", "scipy (>=1.9,!=1.11.0,!=1.11.1)"]
developer = ["changelist (==0.5)", "mypy (>=1.1)", "pre-commit (>=3.2)", "rtoml"]
doc = ["myst-nb (>=1.0)", "numpydoc (>=1.7)", "pillow (>=9.4)", "pydata-sphinx-theme (>=0.14)", "sphinx (>=7)", "sphinx-gallery (>=0.14)", "texext (>=0.6.7)"]
extra = ["lxml (>=4.6)", "pydot (>=2.0)", "pygraphviz (>=1.12)", "sympy (>=1.10)"]
test = ["pytest (>=7.2)", "pytest-cov (>=4.0)"]

[[package]]
name = "numpy"
version = "1.26.4"
description = "Fundamental package for array computing in Python"
optional = false
python-versions = ">=3.9"
files = [
    {file = "numpy-1.26.4-cp310-cp310-macosx_10_9_x86_64.whl", hash = "sha256:9ff0f4f29c51e2803569d7a51c2304de5554655a60c5d776e35b4a41413830d0"},
    {file = "numpy-1.26.4-cp310-cp310-macosx_11_0_arm64.whl", hash = "sha256:2e4ee3380d6de9c9ec04745830fd9e2eccb3e6cf790d39d7b98ffd19b0dd754a"},
    {file = "numpy-1.26.4-cp310-cp310-manylinux_2_17_aarch64.manylinux2014_aarch64.whl", hash = "sha256:d209d8969599b27ad20994c8e41936ee0964e6da07478d6c35016bc386b66ad4"},
    {file = "numpy-1.26.4-cp310-cp310-manylinux_2_17_x86_64.manylinux2014_x86_64.whl", hash = "sha256:ffa75af20b44f8dba823498024771d5ac50620e6915abac414251bd971b4529f"},
    {file = "numpy-1.26.4-cp310-cp310-musllinux_1_1_aarch64.whl", hash = "sha256:62b8e4b1e28009ef2846b4c7852046736bab361f7aeadeb6a5b89ebec3c7055a"},
    {file = "numpy-1.26.4-cp310-cp310-musllinux_1_1_x86_64.whl", hash = "sha256:a4abb4f9001ad2858e7ac189089c42178fcce737e4169dc61321660f1a96c7d2"},
    {file = "numpy-1.26.4-cp310-cp310-win32.whl", hash = "sha256:bfe25acf8b437eb2a8b2d49d443800a5f18508cd811fea3181723922a8a82b07"},
    {file = "numpy-1.26.4-cp310-cp310-win_amd64.whl", hash = "sha256:b97fe8060236edf3662adfc2c633f56a08ae30560c56310562cb4f95500022d5"},
    {file = "numpy-1.26.4-cp311-cp311-macosx_10_9_x86_64.whl", hash = "sha256:4c66707fabe114439db9068ee468c26bbdf909cac0fb58686a42a24de1760c71"},
    {file = "numpy-1.26.4-cp311-cp311-macosx_11_0_arm64.whl", hash = "sha256:edd8b5fe47dab091176d21bb6de568acdd906d1887a4584a15a9a96a1dca06ef"},
    {file = "numpy-1.26.4-cp311-cp311-manylinux_2_17_aarch64.manylinux2014_aarch64.whl", hash = "sha256:7ab55401287bfec946ced39700c053796e7cc0e3acbef09993a9ad2adba6ca6e"},
    {file = "numpy-1.26.4-cp311-cp311-manylinux_2_17_x86_64.manylinux2014_x86_64.whl", hash = "sha256:666dbfb6ec68962c033a450943ded891bed2d54e6755e35e5835d63f4f6931d5"},
    {file = "numpy-1.26.4-cp311-cp311-musllinux_1_1_aarch64.whl", hash = "sha256:96ff0b2ad353d8f990b63294c8986f1ec3cb19d749234014f4e7eb0112ceba5a"},
    {file = "numpy-1.26.4-cp311-cp311-musllinux_1_1_x86_64.whl", hash = "sha256:60dedbb91afcbfdc9bc0b1f3f402804070deed7392c23eb7a7f07fa857868e8a"},
    {file = "numpy-1.26.4-cp311-cp311-win32.whl", hash = "sha256:1af303d6b2210eb850fcf03064d364652b7120803a0b872f5211f5234b399f20"},
    {file = "numpy-1.26.4-cp311-cp311-win_amd64.whl", hash = "sha256:cd25bcecc4974d09257ffcd1f098ee778f7834c3ad767fe5db785be9a4aa9cb2"},
    {file = "numpy-1.26.4-cp312-cp312-macosx_10_9_x86_64.whl", hash = "sha256:b3ce300f3644fb06443ee2222c2201dd3a89ea6040541412b8fa189341847218"},
    {file = "numpy-1.26.4-cp312-cp312-macosx_11_0_arm64.whl", hash = "sha256:03a8c78d01d9781b28a6989f6fa1bb2c4f2d51201cf99d3dd875df6fbd96b23b"},
    {file = "numpy-1.26.4-cp312-cp312-manylinux_2_17_aarch64.manylinux2014_aarch64.whl", hash = "sha256:9fad7dcb1aac3c7f0584a5a8133e3a43eeb2fe127f47e3632d43d677c66c102b"},
    {file = "numpy-1.26.4-cp312-cp312-manylinux_2_17_x86_64.manylinux2014_x86_64.whl", hash = "sha256:675d61ffbfa78604709862923189bad94014bef562cc35cf61d3a07bba02a7ed"},
    {file = "numpy-1.26.4-cp312-cp312-musllinux_1_1_aarch64.whl", hash = "sha256:ab47dbe5cc8210f55aa58e4805fe224dac469cde56b9f731a4c098b91917159a"},
    {file = "numpy-1.26.4-cp312-cp312-musllinux_1_1_x86_64.whl", hash = "sha256:1dda2e7b4ec9dd512f84935c5f126c8bd8b9f2fc001e9f54af255e8c5f16b0e0"},
    {file = "numpy-1.26.4-cp312-cp312-win32.whl", hash = "sha256:50193e430acfc1346175fcbdaa28ffec49947a06918b7b92130744e81e640110"},
    {file = "numpy-1.26.4-cp312-cp312-win_amd64.whl", hash = "sha256:08beddf13648eb95f8d867350f6a018a4be2e5ad54c8d8caed89ebca558b2818"},
    {file = "numpy-1.26.4-cp39-cp39-macosx_10_9_x86_64.whl", hash = "sha256:7349ab0fa0c429c82442a27a9673fc802ffdb7c7775fad780226cb234965e53c"},
    {file = "numpy-1.26.4-cp39-cp39-macosx_11_0_arm64.whl", hash = "sha256:52b8b60467cd7dd1e9ed082188b4e6bb35aa5cdd01777621a1658910745b90be"},
    {file = "numpy-1.26.4-cp39-cp39-manylinux_2_17_aarch64.manylinux2014_aarch64.whl", hash = "sha256:d5241e0a80d808d70546c697135da2c613f30e28251ff8307eb72ba696945764"},
    {file = "numpy-1.26.4-cp39-cp39-manylinux_2_17_x86_64.manylinux2014_x86_64.whl", hash = "sha256:f870204a840a60da0b12273ef34f7051e98c3b5961b61b0c2c1be6dfd64fbcd3"},
    {file = "numpy-1.26.4-cp39-cp39-musllinux_1_1_aarch64.whl", hash = "sha256:679b0076f67ecc0138fd2ede3a8fd196dddc2ad3254069bcb9faf9a79b1cebcd"},
    {file = "numpy-1.26.4-cp39-cp39-musllinux_1_1_x86_64.whl", hash = "sha256:47711010ad8555514b434df65f7d7b076bb8261df1ca9bb78f53d3b2db02e95c"},
    {file = "numpy-1.26.4-cp39-cp39-win32.whl", hash = "sha256:a354325ee03388678242a4d7ebcd08b5c727033fcff3b2f536aea978e15ee9e6"},
    {file = "numpy-1.26.4-cp39-cp39-win_amd64.whl", hash = "sha256:3373d5d70a5fe74a2c1bb6d2cfd9609ecf686d47a2d7b1d37a8f3b6bf6003aea"},
    {file = "numpy-1.26.4-pp39-pypy39_pp73-macosx_10_9_x86_64.whl", hash = "sha256:afedb719a9dcfc7eaf2287b839d8198e06dcd4cb5d276a3df279231138e83d30"},
    {file = "numpy-1.26.4-pp39-pypy39_pp73-manylinux_2_17_x86_64.manylinux2014_x86_64.whl", hash = "sha256:95a7476c59002f2f6c590b9b7b998306fba6a5aa646b1e22ddfeaf8f78c3a29c"},
    {file = "numpy-1.26.4-pp39-pypy39_pp73-win_amd64.whl", hash = "sha256:7e50d0a0cc3189f9cb0aeb3a6a6af18c16f59f004b866cd2be1c14b36134a4a0"},
    {file = "numpy-1.26.4.tar.gz", hash = "sha256:2a02aba9ed12e4ac4eb3ea9421c420301a0c6460d9830d74a9df87efa4912010"},
]

[[package]]
name = "packaging"
version = "24.0"
description = "Core utilities for Python packages"
optional = false
python-versions = ">=3.7"
files = [
    {file = "packaging-24.0-py3-none-any.whl", hash = "sha256:2ddfb553fdf02fb784c234c7ba6ccc288296ceabec964ad2eae3777778130bc5"},
    {file = "packaging-24.0.tar.gz", hash = "sha256:eb82c5e3e56209074766e6885bb04b8c38a0c015d0a30036ebe7ece34c9989e9"},
]

[[package]]
name = "pathspec"
version = "0.12.1"
description = "Utility library for gitignore style pattern matching of file paths."
optional = false
python-versions = ">=3.8"
files = [
    {file = "pathspec-0.12.1-py3-none-any.whl", hash = "sha256:a0d503e138a4c123b27490a4f7beda6a01c6f288df0e4a8b79c7eb0dc7b4cc08"},
    {file = "pathspec-0.12.1.tar.gz", hash = "sha256:a482d51503a1ab33b1c67a6c3813a26953dbdc71c31dacaef9a838c4e29f5712"},
]

[[package]]
name = "platformdirs"
version = "4.2.2"
description = "A small Python package for determining appropriate platform-specific dirs, e.g. a `user data dir`."
optional = false
python-versions = ">=3.8"
files = [
    {file = "platformdirs-4.2.2-py3-none-any.whl", hash = "sha256:2d7a1657e36a80ea911db832a8a6ece5ee53d8de21edd5cc5879af6530b1bfee"},
    {file = "platformdirs-4.2.2.tar.gz", hash = "sha256:38b7b51f512eed9e84a22788b4bce1de17c0adb134d6becb09836e37d8654cd3"},
]

[package.extras]
docs = ["furo (>=2023.9.10)", "proselint (>=0.13)", "sphinx (>=7.2.6)", "sphinx-autodoc-typehints (>=1.25.2)"]
test = ["appdirs (==1.4.4)", "covdefaults (>=2.3)", "pytest (>=7.4.3)", "pytest-cov (>=4.1)", "pytest-mock (>=3.12)"]
type = ["mypy (>=1.8)"]

[[package]]
name = "pluggy"
version = "1.5.0"
description = "plugin and hook calling mechanisms for python"
optional = false
python-versions = ">=3.8"
files = [
    {file = "pluggy-1.5.0-py3-none-any.whl", hash = "sha256:44e1ad92c8ca002de6377e165f3e0f1be63266ab4d554740532335b9d75ea669"},
    {file = "pluggy-1.5.0.tar.gz", hash = "sha256:2cffa88e94fdc978c4c574f15f9e59b7f4201d439195c3715ca9e2486f1d0cf1"},
]

[package.extras]
dev = ["pre-commit", "tox"]
testing = ["pytest", "pytest-benchmark"]

[[package]]
name = "ply"
version = "3.11"
description = "Python Lex & Yacc"
optional = false
python-versions = "*"
files = [
    {file = "ply-3.11-py2.py3-none-any.whl", hash = "sha256:096f9b8350b65ebd2fd1346b12452efe5b9607f7482813ffca50c22722a807ce"},
    {file = "ply-3.11.tar.gz", hash = "sha256:00c7c1aaa88358b9c765b6d3000c6eec0ba42abca5351b095321aef446081da3"},
]

[[package]]
name = "pycodestyle"
version = "2.11.1"
description = "Python style guide checker"
optional = false
python-versions = ">=3.8"
files = [
    {file = "pycodestyle-2.11.1-py2.py3-none-any.whl", hash = "sha256:44fe31000b2d866f2e41841b18528a505fbd7fef9017b04eff4e2648a0fadc67"},
    {file = "pycodestyle-2.11.1.tar.gz", hash = "sha256:41ba0e7afc9752dfb53ced5489e89f8186be00e599e712660695b7a75ff2663f"},
]

[[package]]
name = "pyflakes"
version = "3.2.0"
description = "passive checker of Python programs"
optional = false
python-versions = ">=3.8"
files = [
    {file = "pyflakes-3.2.0-py2.py3-none-any.whl", hash = "sha256:84b5be138a2dfbb40689ca07e2152deb896a65c3a3e24c251c5c62489568074a"},
    {file = "pyflakes-3.2.0.tar.gz", hash = "sha256:1c61603ff154621fb2a9172037d84dca3500def8c8b630657d1701f026f8af3f"},
]

[[package]]
name = "pyomo"
version = "6.7.2"
description = "Pyomo: Python Optimization Modeling Objects"
optional = false
python-versions = ">=3.8"
files = [
    {file = "Pyomo-6.7.2-cp310-cp310-macosx_11_0_arm64.whl", hash = "sha256:62a94f01f7ba8a69140dd86d7cfe954c8c7991bdc02494bcb6faf90a59bf1fd1"},
    {file = "Pyomo-6.7.2-cp310-cp310-manylinux_2_17_aarch64.manylinux2014_aarch64.whl", hash = "sha256:8a8fe59997141be15f7f43b5814106b85e3c5baa3e31a183f7d54bc119bb714a"},
    {file = "Pyomo-6.7.2-cp310-cp310-manylinux_2_17_x86_64.manylinux2014_x86_64.whl", hash = "sha256:95ad23b5218e97bb5cc93d90af4aadeacd550fc21a536d737823ded109dc5490"},
    {file = "Pyomo-6.7.2-cp310-cp310-win_amd64.whl", hash = "sha256:b529d4417a648193667cdecc8f5ba5265bdcc5c6f1b5e7194bc6eea331597be4"},
    {file = "Pyomo-6.7.2-cp310-cp310-win_arm64.whl", hash = "sha256:fb761c4dfff89736ce45331cb2333c92bfffb4da40cffa0cbc5f3b65167bbbdb"},
    {file = "Pyomo-6.7.2-cp311-cp311-macosx_11_0_arm64.whl", hash = "sha256:b25ba5e9e4a12bdc75dfddbd3b26a6f2fd7434e10100e04f99fb61fbcf60197b"},
    {file = "Pyomo-6.7.2-cp311-cp311-manylinux_2_17_aarch64.manylinux2014_aarch64.whl", hash = "sha256:f8390d8f31dc02d11ea754f2aaa00c98af78e1b044496c43678ce84292630d99"},
    {file = "Pyomo-6.7.2-cp311-cp311-manylinux_2_17_x86_64.manylinux2014_x86_64.whl", hash = "sha256:4a0b372eba376ad5d3f1647b4dff6f9628e3df8d73c686e325a322ae926569ea"},
    {file = "Pyomo-6.7.2-cp311-cp311-win_amd64.whl", hash = "sha256:060619463ee24d4fa7fcfab862f225ad54b3fd4ceee62712beff39b2efb6f516"},
    {file = "Pyomo-6.7.2-cp311-cp311-win_arm64.whl", hash = "sha256:3874010e99e91b5797fa7345bf7967cb1fbaf9e950c41f63a82a3f23bd39d025"},
    {file = "Pyomo-6.7.2-cp312-cp312-macosx_11_0_arm64.whl", hash = "sha256:4af3afea70b35b8608db7a9a4ac9dc8a8d118820bf6820b21d53ff4260dfaecc"},
    {file = "Pyomo-6.7.2-cp312-cp312-manylinux_2_17_aarch64.manylinux2014_aarch64.whl", hash = "sha256:0daa3d8f115e6f0bd3055aeadc77a3517adae6878cc00dc5eb0a26f32ed3a9b5"},
    {file = "Pyomo-6.7.2-cp312-cp312-manylinux_2_17_x86_64.manylinux2014_x86_64.whl", hash = "sha256:5e8f382ebfdb52f5d8fc5229a1aa788e05149938b4449d47cf5b248656bde9ac"},
    {file = "Pyomo-6.7.2-cp312-cp312-win_amd64.whl", hash = "sha256:85081bfa25c8bb3ff97f1150839d2f0808e1af8fab4d1357b0a1fa14a159b80a"},
    {file = "Pyomo-6.7.2-cp312-cp312-win_arm64.whl", hash = "sha256:1c2aa2d5bc9e78f043b3d4deb34688c98988e0000c1ef112bffb56cca7f7d2f9"},
    {file = "Pyomo-6.7.2-cp38-cp38-macosx_11_0_arm64.whl", hash = "sha256:cc50ad5cf46bf0c20396c263309abe651c567c703cdae484bf61926317a51c0b"},
    {file = "Pyomo-6.7.2-cp38-cp38-manylinux_2_17_aarch64.manylinux2014_aarch64.whl", hash = "sha256:c549700e1446b15bf7b3267d2472a1eb54db927a03ee6b451152ddeaa8b33843"},
    {file = "Pyomo-6.7.2-cp38-cp38-manylinux_2_17_x86_64.manylinux2014_x86_64.whl", hash = "sha256:ef9b83b55db1a861a949fe87555c7f788d16430c5b21a550cf9e1dceb4b32a60"},
    {file = "Pyomo-6.7.2-cp38-cp38-win_amd64.whl", hash = "sha256:58312daa67b98402b8990fb4436684a7f96bc9468a2056e5d99c1ae2629d4f47"},
    {file = "Pyomo-6.7.2-cp39-cp39-macosx_11_0_arm64.whl", hash = "sha256:7eb9cc1077600c207ddbc64acc86df7877aba5282a1f3e0a7f59110f49377e3e"},
    {file = "Pyomo-6.7.2-cp39-cp39-manylinux_2_17_aarch64.manylinux2014_aarch64.whl", hash = "sha256:3bb8f164b9a8be498963deee38d1e9104b8034342db6e4c8204dc6ab75fe5448"},
    {file = "Pyomo-6.7.2-cp39-cp39-manylinux_2_17_x86_64.manylinux2014_x86_64.whl", hash = "sha256:cbdabe4da214981f8b0762ab5b770948d4e5b1f737ddf522a5bc389ffd5ec830"},
    {file = "Pyomo-6.7.2-cp39-cp39-win_amd64.whl", hash = "sha256:d8e5495429a078a10b2f86f5de120b5b684fb447b5e73cd8b8c0792da41e43ba"},
    {file = "Pyomo-6.7.2-cp39-cp39-win_arm64.whl", hash = "sha256:6df2acfadecdb3fd0e0caa1e3edd5c4067daf2740fffa6d491947191deca5686"},
    {file = "Pyomo-6.7.2.tar.gz", hash = "sha256:53bef766854f7607ca1fcfe3f218594ab382f137a275cee3d925d2b2f96876bf"},
]

[package.dependencies]
ply = "*"

[package.extras]
docs = ["Sphinx (>4)", "enum-tools", "numpy (<2.0.0)", "scipy", "sphinx-copybutton", "sphinx-jinja2-compat (>=0.1.1)", "sphinx-rtd-theme (>0.5)", "sphinx-toolbox (>=2.16.0)", "sphinxcontrib-jsmath", "sphinxcontrib-napoleon"]
optional = ["casadi", "dill", "ipython", "matplotlib (!=3.6.1)", "networkx", "networkx (<3.2)", "numdifftools", "numpy (<2.0.0)", "openpyxl", "pandas", "pint", "plotly", "python-louvain", "pywin32", "pyyaml", "qtconsole", "scipy", "seaborn", "sympy", "xlrd", "z3-solver"]
tests = ["coverage", "parameterized", "pybind11", "pytest", "pytest-parallel"]

[[package]]
name = "pyscipopt"
version = "5.0.0"
description = "Python interface and modeling environment for SCIP"
optional = false
python-versions = ">=3.8"
files = [
    {file = "PySCIPOpt-5.0.0-cp310-cp310-macosx_10_9_x86_64.whl", hash = "sha256:1def73012cdac77597cacbe25747cf406cddb891bf061877dfee30add12f71b7"},
    {file = "PySCIPOpt-5.0.0-cp310-cp310-macosx_11_0_arm64.whl", hash = "sha256:1ab52a742fb27039e11050098be34d3786dfef54e8fedccaa6032c6d3f32e51b"},
    {file = "PySCIPOpt-5.0.0-cp310-cp310-manylinux_2_17_x86_64.manylinux2014_x86_64.whl", hash = "sha256:3413d533ac5c25da0346415f02cd37fe29f32951c6206ae79f198d698eaf84f1"},
    {file = "PySCIPOpt-5.0.0-cp310-cp310-win_amd64.whl", hash = "sha256:6d1fb8ffdf53fb321d5b67ae54f4f73bd0a51356ea0f0eb81cf59086a776c861"},
    {file = "PySCIPOpt-5.0.0-cp311-cp311-macosx_10_9_x86_64.whl", hash = "sha256:3dc35903915efa6f52f02e19dbd2bd4f02789c26f47b95b49787a8004d220195"},
    {file = "PySCIPOpt-5.0.0-cp311-cp311-macosx_11_0_arm64.whl", hash = "sha256:4d8168aa03b672226c262a26e7b6f853415e5dec7e802122bb33aace9f212bff"},
    {file = "PySCIPOpt-5.0.0-cp311-cp311-manylinux_2_17_x86_64.manylinux2014_x86_64.whl", hash = "sha256:d6d7e2afc047168a9ce899b0e6b3c23af819203274dead23f634ce12fe9c8063"},
    {file = "PySCIPOpt-5.0.0-cp311-cp311-win_amd64.whl", hash = "sha256:4c3dd40104fef675f51d9eeac1149489f46a12371033f154846b28386a433321"},
    {file = "PySCIPOpt-5.0.0-cp312-cp312-macosx_10_9_x86_64.whl", hash = "sha256:64a0dfb5a484f8633dc338c65735a7dd9d7f1fedb6230f6ef2ca598bafca05cf"},
    {file = "PySCIPOpt-5.0.0-cp312-cp312-macosx_11_0_arm64.whl", hash = "sha256:b9778c51a3fa8864482926832d467d53124f236f828b5a0146f41bf942a97810"},
    {file = "PySCIPOpt-5.0.0-cp312-cp312-manylinux_2_17_x86_64.manylinux2014_x86_64.whl", hash = "sha256:2d47e3fcc5a07fc80e5d4634fc4b457eba8811fb800d65d37dc2f9d100dfc5ed"},
    {file = "PySCIPOpt-5.0.0-cp312-cp312-win_amd64.whl", hash = "sha256:1d4a1cef18c8b6c267997a3af8ccda44e57d4a15a9bf32583e09cc5d95281b42"},
    {file = "PySCIPOpt-5.0.0-cp38-cp38-macosx_10_9_x86_64.whl", hash = "sha256:f828b149df7c669df5f436f8a85395946f8f3e5622972a3eccad1f394311475f"},
    {file = "PySCIPOpt-5.0.0-cp38-cp38-macosx_11_0_arm64.whl", hash = "sha256:2aadefa1da88aa9cc2ba6b0017df6174deb6f8e1b96a84dd21b9eb10071b7448"},
    {file = "PySCIPOpt-5.0.0-cp38-cp38-manylinux_2_17_x86_64.manylinux2014_x86_64.whl", hash = "sha256:6f0161a2cca850cc09037f696d530b52b84e22156440ac26c40dc3b0abd7a319"},
    {file = "PySCIPOpt-5.0.0-cp38-cp38-win_amd64.whl", hash = "sha256:825c1e862fa3042a8467322dc2c6a32ea8352541fcee4b10a9ef7fcffc2f4639"},
    {file = "PySCIPOpt-5.0.0-cp39-cp39-macosx_10_9_x86_64.whl", hash = "sha256:209ed5b4aeac30b407b9e4c6231bf9009bf6fcd2ff7db40d8ce8b7a71c80cb67"},
    {file = "PySCIPOpt-5.0.0-cp39-cp39-macosx_11_0_arm64.whl", hash = "sha256:307737909ef8dcbc580167d73f1d5f360801ebb73b0e0697459ad5d025c30fad"},
    {file = "PySCIPOpt-5.0.0-cp39-cp39-manylinux_2_17_x86_64.manylinux2014_x86_64.whl", hash = "sha256:44e0baa99daf5b16979e188e140675449d35344cd30ad875f33b7e8ba9422ade"},
    {file = "PySCIPOpt-5.0.0-cp39-cp39-win_amd64.whl", hash = "sha256:ed69598dc1c41c2efcc201f75d407691574b57d199dac82331abb57b3e1b7358"},
    {file = "PySCIPOpt-5.0.0.tar.gz", hash = "sha256:f9c36c941e1373406b00c030f2511578c3fb02a95a2cf5559772deb846a0af47"},
]

[[package]]
name = "pytest"
version = "8.2.0"
description = "pytest: simple powerful testing with Python"
optional = false
python-versions = ">=3.8"
files = [
    {file = "pytest-8.2.0-py3-none-any.whl", hash = "sha256:1733f0620f6cda4095bbf0d9ff8022486e91892245bb9e7d5542c018f612f233"},
    {file = "pytest-8.2.0.tar.gz", hash = "sha256:d507d4482197eac0ba2bae2e9babf0672eb333017bcedaa5fb1a3d42c1174b3f"},
]

[package.dependencies]
colorama = {version = "*", markers = "sys_platform == \"win32\""}
iniconfig = "*"
packaging = "*"
pluggy = ">=1.5,<2.0"

[package.extras]
dev = ["argcomplete", "attrs (>=19.2)", "hypothesis (>=3.56)", "mock", "pygments (>=2.7.2)", "requests", "setuptools", "xmlschema"]

[[package]]
name = "scipy"
version = "1.13.0"
description = "Fundamental algorithms for scientific computing in Python"
optional = false
python-versions = ">=3.9"
files = [
    {file = "scipy-1.13.0-cp310-cp310-macosx_10_9_x86_64.whl", hash = "sha256:ba419578ab343a4e0a77c0ef82f088238a93eef141b2b8017e46149776dfad4d"},
    {file = "scipy-1.13.0-cp310-cp310-macosx_12_0_arm64.whl", hash = "sha256:22789b56a999265431c417d462e5b7f2b487e831ca7bef5edeb56efe4c93f86e"},
    {file = "scipy-1.13.0-cp310-cp310-manylinux_2_17_aarch64.manylinux2014_aarch64.whl", hash = "sha256:05f1432ba070e90d42d7fd836462c50bf98bd08bed0aa616c359eed8a04e3922"},
    {file = "scipy-1.13.0-cp310-cp310-manylinux_2_17_x86_64.manylinux2014_x86_64.whl", hash = "sha256:b8434f6f3fa49f631fae84afee424e2483289dfc30a47755b4b4e6b07b2633a4"},
    {file = "scipy-1.13.0-cp310-cp310-musllinux_1_1_x86_64.whl", hash = "sha256:dcbb9ea49b0167de4167c40eeee6e167caeef11effb0670b554d10b1e693a8b9"},
    {file = "scipy-1.13.0-cp310-cp310-win_amd64.whl", hash = "sha256:1d2f7bb14c178f8b13ebae93f67e42b0a6b0fc50eba1cd8021c9b6e08e8fb1cd"},
    {file = "scipy-1.13.0-cp311-cp311-macosx_10_9_x86_64.whl", hash = "sha256:0fbcf8abaf5aa2dc8d6400566c1a727aed338b5fe880cde64907596a89d576fa"},
    {file = "scipy-1.13.0-cp311-cp311-macosx_12_0_arm64.whl", hash = "sha256:5e4a756355522eb60fcd61f8372ac2549073c8788f6114449b37e9e8104f15a5"},
    {file = "scipy-1.13.0-cp311-cp311-manylinux_2_17_aarch64.manylinux2014_aarch64.whl", hash = "sha256:b5acd8e1dbd8dbe38d0004b1497019b2dbbc3d70691e65d69615f8a7292865d7"},
    {file = "scipy-1.13.0-cp311-cp311-manylinux_2_17_x86_64.manylinux2014_x86_64.whl", hash = "sha256:9ff7dad5d24a8045d836671e082a490848e8639cabb3dbdacb29f943a678683d"},
    {file = "scipy-1.13.0-cp311-cp311-musllinux_1_1_x86_64.whl", hash = "sha256:4dca18c3ffee287ddd3bc8f1dabaf45f5305c5afc9f8ab9cbfab855e70b2df5c"},
    {file = "scipy-1.13.0-cp311-cp311-win_amd64.whl", hash = "sha256:a2f471de4d01200718b2b8927f7d76b5d9bde18047ea0fa8bd15c5ba3f26a1d6"},
    {file = "scipy-1.13.0-cp312-cp312-macosx_10_9_x86_64.whl", hash = "sha256:d0de696f589681c2802f9090fff730c218f7c51ff49bf252b6a97ec4a5d19e8b"},
    {file = "scipy-1.13.0-cp312-cp312-macosx_12_0_arm64.whl", hash = "sha256:b2a3ff461ec4756b7e8e42e1c681077349a038f0686132d623fa404c0bee2551"},
    {file = "scipy-1.13.0-cp312-cp312-manylinux_2_17_aarch64.manylinux2014_aarch64.whl", hash = "sha256:6bf9fe63e7a4bf01d3645b13ff2aa6dea023d38993f42aaac81a18b1bda7a82a"},
    {file = "scipy-1.13.0-cp312-cp312-manylinux_2_17_x86_64.manylinux2014_x86_64.whl", hash = "sha256:1e7626dfd91cdea5714f343ce1176b6c4745155d234f1033584154f60ef1ff42"},
    {file = "scipy-1.13.0-cp312-cp312-musllinux_1_1_x86_64.whl", hash = "sha256:109d391d720fcebf2fbe008621952b08e52907cf4c8c7efc7376822151820820"},
    {file = "scipy-1.13.0-cp312-cp312-win_amd64.whl", hash = "sha256:8930ae3ea371d6b91c203b1032b9600d69c568e537b7988a3073dfe4d4774f21"},
    {file = "scipy-1.13.0-cp39-cp39-macosx_10_9_x86_64.whl", hash = "sha256:5407708195cb38d70fd2d6bb04b1b9dd5c92297d86e9f9daae1576bd9e06f602"},
    {file = "scipy-1.13.0-cp39-cp39-macosx_12_0_arm64.whl", hash = "sha256:ac38c4c92951ac0f729c4c48c9e13eb3675d9986cc0c83943784d7390d540c78"},
    {file = "scipy-1.13.0-cp39-cp39-manylinux_2_17_aarch64.manylinux2014_aarch64.whl", hash = "sha256:09c74543c4fbeb67af6ce457f6a6a28e5d3739a87f62412e4a16e46f164f0ae5"},
    {file = "scipy-1.13.0-cp39-cp39-manylinux_2_17_x86_64.manylinux2014_x86_64.whl", hash = "sha256:28e286bf9ac422d6beb559bc61312c348ca9b0f0dae0d7c5afde7f722d6ea13d"},
    {file = "scipy-1.13.0-cp39-cp39-musllinux_1_1_x86_64.whl", hash = "sha256:33fde20efc380bd23a78a4d26d59fc8704e9b5fd9b08841693eb46716ba13d86"},
    {file = "scipy-1.13.0-cp39-cp39-win_amd64.whl", hash = "sha256:45c08bec71d3546d606989ba6e7daa6f0992918171e2a6f7fbedfa7361c2de1e"},
    {file = "scipy-1.13.0.tar.gz", hash = "sha256:58569af537ea29d3f78e5abd18398459f195546bb3be23d16677fb26616cc11e"},
]

[package.dependencies]
numpy = ">=1.22.4,<2.3"

[package.extras]
dev = ["cython-lint (>=0.12.2)", "doit (>=0.36.0)", "mypy", "pycodestyle", "pydevtool", "rich-click", "ruff", "types-psutil", "typing_extensions"]
doc = ["jupyterlite-pyodide-kernel", "jupyterlite-sphinx (>=0.12.0)", "jupytext", "matplotlib (>=3.5)", "myst-nb", "numpydoc", "pooch", "pydata-sphinx-theme (>=0.15.2)", "sphinx (>=5.0.0)", "sphinx-design (>=0.4.0)"]
test = ["array-api-strict", "asv", "gmpy2", "hypothesis (>=6.30)", "mpmath", "pooch", "pytest", "pytest-cov", "pytest-timeout", "pytest-xdist", "scikit-umfpack", "threadpoolctl"]

[metadata]
lock-version = "2.0"
python-versions = "^3.11"
content-hash = "5b1fdd838c15986e226a9f0deda426a6dda11c35f5b661153e8f9713d49ebf63"
